
Microsoft Visual Studio Solution File, Format Version 12.00
# Visual Studio 14
VisualStudioVersion = 14.0.25420.1
MinimumVisualStudioVersion = 10.0.40219.1
Project("{FAE04EC0-301F-11D3-BF4B-00C04F79EFBC}") = "Controller", "Controller\Controller.csproj", "{3F853882-DFFD-439A-801A-67FF8987DABB}"
EndProject
Project("{FAE04EC0-301F-11D3-BF4B-00C04F79EFBC}") = "Model", "Model\Model.csproj", "{F38C7452-12D8-49A2-9D62-145E73A441AD}"
EndProject
Project("{FAE04EC0-301F-11D3-BF4B-00C04F79EFBC}") = "View", "View\View.csproj", "{114688AC-557B-4D8B-926E-9A35D2D1C01E}"
EndProject
Global
	GlobalSection(SolutionConfigurationPlatforms) = preSolution
		Debug|Any CPU = Debug|Any CPU
		Release|Any CPU = Release|Any CPU
	EndGlobalSection
	GlobalSection(ProjectConfigurationPlatforms) = postSolution
		{3F853882-DFFD-439A-801A-67FF8987DABB}.Debug|Any CPU.ActiveCfg = Debug|Any CPU
		{3F853882-DFFD-439A-801A-67FF8987DABB}.Debug|Any CPU.Build.0 = Debug|Any CPU
		{3F853882-DFFD-439A-801A-67FF8987DABB}.Release|Any CPU.ActiveCfg = Release|Any CPU
		{3F853882-DFFD-439A-801A-67FF8987DABB}.Release|Any CPU.Build.0 = Release|Any CPU
		{F38C7452-12D8-49A2-9D62-145E73A441AD}.Debug|Any CPU.ActiveCfg = Debug|Any CPU
		{F38C7452-12D8-49A2-9D62-145E73A441AD}.Debug|Any CPU.Build.0 = Debug|Any CPU
		{F38C7452-12D8-49A2-9D62-145E73A441AD}.Release|Any CPU.ActiveCfg = Release|Any CPU
		{F38C7452-12D8-49A2-9D62-145E73A441AD}.Release|Any CPU.Build.0 = Release|Any CPU
		{114688AC-557B-4D8B-926E-9A35D2D1C01E}.Debug|Any CPU.ActiveCfg = Debug|Any CPU
		{114688AC-557B-4D8B-926E-9A35D2D1C01E}.Debug|Any CPU.Build.0 = Debug|Any CPU
		{114688AC-557B-4D8B-926E-9A35D2D1C01E}.Release|Any CPU.ActiveCfg = Release|Any CPU
		{114688AC-557B-4D8B-926E-9A35D2D1C01E}.Release|Any CPU.Build.0 = Release|Any CPU
	EndGlobalSection
	GlobalSection(SolutionProperties) = preSolution
		HideSolutionNode = FALSE
	EndGlobalSection
EndGlobal
